
Microsoft Visual Studio Solution File, Format Version 12.00
# Visual Studio Version 17
VisualStudioVersion = 17.0.31903.59
MinimumVisualStudioVersion = 10.0.40219.1
Project("{2150E333-8FDC-42A3-9474-1A3956D46DE8}") = "src", "src", "{35E99E1E-AAC5-4AA6-B4BC-E4142E7B6D35}"
EndProject
Project("{F2A71F9B-5D33-465A-A702-920D77279786}") = "FsChess.App", "src\FsChess.App\FsChess.App.fsproj", "{B3642F8B-1E32-4B51-A8C3-E7CF095D8808}"
EndProject
Project("{2150E333-8FDC-42A3-9474-1A3956D46DE8}") = "tests", "tests", "{56475B05-69D8-488F-9E0D-C9CAEC85B4EA}"
EndProject
Project("{F2A71F9B-5D33-465A-A702-920D77279786}") = "FsChess.Chess.Tests", "tests\FsChess.Chess.Tests\FsChess.Chess.Tests.fsproj", "{6CCC6EA3-CD19-43E3-9751-CD8AA2A75428}"
EndProject
Project("{2150E333-8FDC-42A3-9474-1A3956D46DE8}") = "build", "build", "{C4DCAAD0-528D-47E1-A9CA-058A5BBAE434}"
EndProject
Project("{FAE04EC0-301F-11D3-BF4B-00C04F79EFBC}") = "FsChess.Build", "build\FsChess.Build\FsChess.Build.fsproj", "{1DDFA47F-EA04-4418-8184-F0ABC83E5A4B}"
EndProject
Project("{F2A71F9B-5D33-465A-A702-920D77279786}") = "FsChess.Rest", "src\FsChess.Rest\FsChess.Rest.fsproj", "{4F0017CA-1D95-4616-AB4D-B8D872EEE412}"
EndProject
Project("{F2A71F9B-5D33-465A-A702-920D77279786}") = "FsChess.Rest.Tests", "tests\FsChess.Rest.Tests\FsChess.Rest.Tests.fsproj", "{DBB99DF2-693B-4472-AC3E-2319451BCB73}"
EndProject
Project("{F2A71F9B-5D33-465A-A702-920D77279786}") = "FsChess.Common", "src\FsChess.Common\FsChess.Common.fsproj", "{5B2F5235-3090-4159-9282-C7FC4E072EDD}"
EndProject
Project("{F2A71F9B-5D33-465A-A702-920D77279786}") = "FsChess.Chess", "src\FsChess.Chess\FsChess.Chess.fsproj", "{F9BF29C6-9A47-4724-86EF-A810CCFD8F7B}"
EndProject
Project("{F2A71F9B-5D33-465A-A702-920D77279786}") = "FsChess.App.Tests", "tests\FsChess.App.Tests\FsChess.App.Tests.fsproj", "{7F27E95C-DC26-4000-BB57-2F82ED713C34}"
EndProject
Project("{F2A71F9B-5D33-465A-A702-920D77279786}") = "FsChess.Test.Common", "tests\FsChess.Test.Common\FsChess.Test.Common.fsproj", "{7D7A7A6E-009A-4469-8E90-174C7230F4E4}"
EndProject
Global
	GlobalSection(SolutionConfigurationPlatforms) = preSolution
		Debug|Any CPU = Debug|Any CPU
		Release|Any CPU = Release|Any CPU
	EndGlobalSection
	GlobalSection(SolutionProperties) = preSolution
		HideSolutionNode = FALSE
	EndGlobalSection
	GlobalSection(ProjectConfigurationPlatforms) = postSolution
		{B3642F8B-1E32-4B51-A8C3-E7CF095D8808}.Debug|Any CPU.ActiveCfg = Debug|Any CPU
		{B3642F8B-1E32-4B51-A8C3-E7CF095D8808}.Debug|Any CPU.Build.0 = Debug|Any CPU
		{B3642F8B-1E32-4B51-A8C3-E7CF095D8808}.Release|Any CPU.ActiveCfg = Release|Any CPU
		{B3642F8B-1E32-4B51-A8C3-E7CF095D8808}.Release|Any CPU.Build.0 = Release|Any CPU
		{6CCC6EA3-CD19-43E3-9751-CD8AA2A75428}.Debug|Any CPU.ActiveCfg = Debug|Any CPU
		{6CCC6EA3-CD19-43E3-9751-CD8AA2A75428}.Debug|Any CPU.Build.0 = Debug|Any CPU
		{6CCC6EA3-CD19-43E3-9751-CD8AA2A75428}.Release|Any CPU.ActiveCfg = Release|Any CPU
		{6CCC6EA3-CD19-43E3-9751-CD8AA2A75428}.Release|Any CPU.Build.0 = Release|Any CPU
		{1DDFA47F-EA04-4418-8184-F0ABC83E5A4B}.Debug|Any CPU.ActiveCfg = Debug|Any CPU
		{1DDFA47F-EA04-4418-8184-F0ABC83E5A4B}.Debug|Any CPU.Build.0 = Debug|Any CPU
		{1DDFA47F-EA04-4418-8184-F0ABC83E5A4B}.Release|Any CPU.ActiveCfg = Release|Any CPU
		{1DDFA47F-EA04-4418-8184-F0ABC83E5A4B}.Release|Any CPU.Build.0 = Release|Any CPU
		{4F0017CA-1D95-4616-AB4D-B8D872EEE412}.Debug|Any CPU.ActiveCfg = Debug|Any CPU
		{4F0017CA-1D95-4616-AB4D-B8D872EEE412}.Debug|Any CPU.Build.0 = Debug|Any CPU
		{4F0017CA-1D95-4616-AB4D-B8D872EEE412}.Release|Any CPU.ActiveCfg = Release|Any CPU
		{4F0017CA-1D95-4616-AB4D-B8D872EEE412}.Release|Any CPU.Build.0 = Release|Any CPU
		{DBB99DF2-693B-4472-AC3E-2319451BCB73}.Debug|Any CPU.ActiveCfg = Debug|Any CPU
		{DBB99DF2-693B-4472-AC3E-2319451BCB73}.Debug|Any CPU.Build.0 = Debug|Any CPU
		{DBB99DF2-693B-4472-AC3E-2319451BCB73}.Release|Any CPU.ActiveCfg = Release|Any CPU
		{DBB99DF2-693B-4472-AC3E-2319451BCB73}.Release|Any CPU.Build.0 = Release|Any CPU
		{5B2F5235-3090-4159-9282-C7FC4E072EDD}.Debug|Any CPU.ActiveCfg = Debug|Any CPU
		{5B2F5235-3090-4159-9282-C7FC4E072EDD}.Debug|Any CPU.Build.0 = Debug|Any CPU
		{5B2F5235-3090-4159-9282-C7FC4E072EDD}.Release|Any CPU.ActiveCfg = Release|Any CPU
		{5B2F5235-3090-4159-9282-C7FC4E072EDD}.Release|Any CPU.Build.0 = Release|Any CPU
		{F9BF29C6-9A47-4724-86EF-A810CCFD8F7B}.Debug|Any CPU.ActiveCfg = Debug|Any CPU
		{F9BF29C6-9A47-4724-86EF-A810CCFD8F7B}.Debug|Any CPU.Build.0 = Debug|Any CPU
		{F9BF29C6-9A47-4724-86EF-A810CCFD8F7B}.Release|Any CPU.ActiveCfg = Release|Any CPU
		{F9BF29C6-9A47-4724-86EF-A810CCFD8F7B}.Release|Any CPU.Build.0 = Release|Any CPU
		{7F27E95C-DC26-4000-BB57-2F82ED713C34}.Debug|Any CPU.ActiveCfg = Debug|Any CPU
		{7F27E95C-DC26-4000-BB57-2F82ED713C34}.Debug|Any CPU.Build.0 = Debug|Any CPU
		{7F27E95C-DC26-4000-BB57-2F82ED713C34}.Release|Any CPU.ActiveCfg = Release|Any CPU
		{7F27E95C-DC26-4000-BB57-2F82ED713C34}.Release|Any CPU.Build.0 = Release|Any CPU
		{7D7A7A6E-009A-4469-8E90-174C7230F4E4}.Debug|Any CPU.ActiveCfg = Debug|Any CPU
		{7D7A7A6E-009A-4469-8E90-174C7230F4E4}.Debug|Any CPU.Build.0 = Debug|Any CPU
		{7D7A7A6E-009A-4469-8E90-174C7230F4E4}.Release|Any CPU.ActiveCfg = Release|Any CPU
		{7D7A7A6E-009A-4469-8E90-174C7230F4E4}.Release|Any CPU.Build.0 = Release|Any CPU
	EndGlobalSection
	GlobalSection(NestedProjects) = preSolution
		{B3642F8B-1E32-4B51-A8C3-E7CF095D8808} = {35E99E1E-AAC5-4AA6-B4BC-E4142E7B6D35}
		{6CCC6EA3-CD19-43E3-9751-CD8AA2A75428} = {56475B05-69D8-488F-9E0D-C9CAEC85B4EA}
		{1DDFA47F-EA04-4418-8184-F0ABC83E5A4B} = {C4DCAAD0-528D-47E1-A9CA-058A5BBAE434}
		{4F0017CA-1D95-4616-AB4D-B8D872EEE412} = {35E99E1E-AAC5-4AA6-B4BC-E4142E7B6D35}
		{DBB99DF2-693B-4472-AC3E-2319451BCB73} = {56475B05-69D8-488F-9E0D-C9CAEC85B4EA}
		{5B2F5235-3090-4159-9282-C7FC4E072EDD} = {35E99E1E-AAC5-4AA6-B4BC-E4142E7B6D35}
		{F9BF29C6-9A47-4724-86EF-A810CCFD8F7B} = {35E99E1E-AAC5-4AA6-B4BC-E4142E7B6D35}
		{7F27E95C-DC26-4000-BB57-2F82ED713C34} = {56475B05-69D8-488F-9E0D-C9CAEC85B4EA}
		{7D7A7A6E-009A-4469-8E90-174C7230F4E4} = {56475B05-69D8-488F-9E0D-C9CAEC85B4EA}
	EndGlobalSection
EndGlobal
